
Microsoft Visual Studio Solution File, Format Version 12.00
# Visual Studio Version 17
VisualStudioVersion = 17.0.31903.59
MinimumVisualStudioVersion = 10.0.40219.1
Project("{2150E333-8FDC-42A3-9474-1A3956D46DE8}") = "src", "src", "{CCE40C29-A54E-4D58-A650-5DA401FDEC13}"
EndProject
Project("{FAE04EC0-301F-11D3-BF4B-00C04F79EFBC}") = "Compiler", "src\Compiler\Compiler.csproj", "{4AAF5659-2549-4597-93CD-62C6A3ABDDB7}"
EndProject
Project("{2150E333-8FDC-42A3-9474-1A3956D46DE8}") = "tests", "tests", "{600847EB-2B99-4585-98FD-73C78FBD0D1A}"
EndProject
Project("{FAE04EC0-301F-11D3-BF4B-00C04F79EFBC}") = "CompilerTests", "tests\Compiler\Compiler.Test.csproj", "{26E65FFE-2EA7-4C61-AA4D-A119A0DD04D5}"
EndProject
Global
	GlobalSection(SolutionConfigurationPlatforms) = preSolution
		Debug|Any CPU = Debug|Any CPU
		Release|Any CPU = Release|Any CPU
	EndGlobalSection
	GlobalSection(SolutionProperties) = preSolution
		HideSolutionNode = FALSE
	EndGlobalSection
	GlobalSection(ProjectConfigurationPlatforms) = postSolution
		{4AAF5659-2549-4597-93CD-62C6A3ABDDB7}.Debug|Any CPU.ActiveCfg = Debug|Any CPU
		{4AAF5659-2549-4597-93CD-62C6A3ABDDB7}.Debug|Any CPU.Build.0 = Debug|Any CPU
		{4AAF5659-2549-4597-93CD-62C6A3ABDDB7}.Release|Any CPU.ActiveCfg = Release|Any CPU
		{4AAF5659-2549-4597-93CD-62C6A3ABDDB7}.Release|Any CPU.Build.0 = Release|Any CPU
		{26E65FFE-2EA7-4C61-AA4D-A119A0DD04D5}.Debug|Any CPU.ActiveCfg = Debug|Any CPU
		{26E65FFE-2EA7-4C61-AA4D-A119A0DD04D5}.Debug|Any CPU.Build.0 = Debug|Any CPU
		{26E65FFE-2EA7-4C61-AA4D-A119A0DD04D5}.Release|Any CPU.ActiveCfg = Release|Any CPU
		{26E65FFE-2EA7-4C61-AA4D-A119A0DD04D5}.Release|Any CPU.Build.0 = Release|Any CPU
	EndGlobalSection
	GlobalSection(NestedProjects) = preSolution
		{4AAF5659-2549-4597-93CD-62C6A3ABDDB7} = {CCE40C29-A54E-4D58-A650-5DA401FDEC13}
		{26E65FFE-2EA7-4C61-AA4D-A119A0DD04D5} = {600847EB-2B99-4585-98FD-73C78FBD0D1A}
	EndGlobalSection
EndGlobal
