{
  "version": 1,
  "dependencies": {
    "net8.0": {
      "coverlet.collector": {
        "type": "Direct",
        "requested": "[6.0.0, )",
        "resolved": "6.0.0",
        "contentHash": "tW3lsNS+dAEII6YGUX/VMoJjBS1QvsxqJeqLaJXub08y1FSjasFPtQ4UBUsudE9PNrzLjooClMsPtY2cZLdXpQ=="
      },
      "coverlet.msbuild": {
        "type": "Direct",
        "requested": "[6.0.2, )",
        "resolved": "6.0.2",
        "contentHash": "8b4jBNH7mcQy1otyQErjjIUuGD74XxKZ1wvDufbY7jhWwckl7wIa+icjwdPYeI0aYMS4Tp63LIZvyMFjWwOMDw=="
      },
      "Microsoft.NET.Test.Sdk": {
        "type": "Direct",
        "requested": "[17.8.0, )",
        "resolved": "17.8.0",
        "contentHash": "BmTYGbD/YuDHmApIENdoyN1jCk0Rj1fJB0+B/fVekyTdVidr91IlzhqzytiUgaEAzL1ZJcYCme0MeBMYvJVzvw==",
        "dependencies": {
          "Microsoft.CodeCoverage": "17.8.0",
          "Microsoft.TestPlatform.TestHost": "17.8.0"
        }
      },
      "NUnit": {
        "type": "Direct",
        "requested": "[4.1.0, )",
        "resolved": "4.1.0",
        "contentHash": "MT/DpAhjtiytzhTgTqIhBuWx4y26PKfDepYUHUM+5uv4TsryHC2jwFo5e6NhWkApCm/G6kZ80dRjdJFuAxq3rg=="
      },
      "NUnit.Analyzers": {
        "type": "Direct",
        "requested": "[4.2.0, )",
        "resolved": "4.2.0",
        "contentHash": "4fJojPkzdoa4nB2+p6U+fITvPnVvwWSnsmiJ/Dl30xqiL3oxNbYvfeSLVd91hOmEjoUqSwN3Z7j1aFedjqWbUA=="
      },
      "NUnit3TestAdapter": {
        "type": "Direct",
        "requested": "[4.5.0, )",
        "resolved": "4.5.0",
        "contentHash": "s8JpqTe9bI2f49Pfr3dFRfoVSuFQyraTj68c3XXjIS/MRGvvkLnrg6RLqnTjdShX+AdFUCCU/4Xex58AdUfs6A=="
      },
      "CommandLineParser": {
        "type": "Transitive",
        "resolved": "2.9.1",
        "contentHash": "OE0sl1/sQ37bjVsPKKtwQlWDgqaxWgtme3xZz7JssWUzg5JpMIyHgCTY9MVMxOg48fJ1AgGT3tgdH5m/kQ5xhA=="
      },
      "LanguageExt.Core": {
        "type": "Transitive",
        "resolved": "5.0.0-beta-07",
        "contentHash": "bZSoYS0eR9LZO4uHgWsEKMmejPPmf7dKaQHKj7thpUGacJ7SiCi887h97JXzBaVWea7EjY+1gAu8z05cbJ7M2Q=="
      },
      "Microsoft.ApplicationInsights": {
        "type": "Transitive",
        "resolved": "2.21.0",
        "contentHash": "btZEDWAFNo9CoYliMCriSMTX3ruRGZTtYw4mo2XyyfLlowFicYVM2Xszi5evDG95QRYV7MbbH3D2RqVwfZlJHw==",
        "dependencies": {
          "System.Diagnostics.DiagnosticSource": "5.0.0"
        }
      },
      "Microsoft.CodeCoverage": {
        "type": "Transitive",
        "resolved": "17.8.0",
        "contentHash": "KC8SXWbGIdoFVdlxKk9WHccm0llm9HypcHMLUUFabRiTS3SO2fQXNZfdiF3qkEdTJhbRrxhdRxjL4jbtwPq4Ew=="
      },
      "Microsoft.Extensions.FileProviders.Abstractions": {
        "type": "Transitive",
        "resolved": "6.0.0",
        "contentHash": "0pd4/fho0gC12rQswaGQxbU34jOS1TPS8lZPpkFCH68ppQjHNHYle9iRuHeev1LhrJ94YPvzcRd8UmIuFk23Qw==",
        "dependencies": {
          "Microsoft.Extensions.Primitives": "6.0.0"
        }
      },
      "Microsoft.Extensions.FileSystemGlobbing": {
        "type": "Transitive",
        "resolved": "6.0.0",
        "contentHash": "ip8jnL1aPiaPeKINCqaTEbvBFDmVx9dXQEBZ2HOBRXPD1eabGNqP/bKlsIcp7U2lGxiXd5xIhoFcmY8nM4Hdiw=="
      },
      "Microsoft.Extensions.Primitives": {
        "type": "Transitive",
        "resolved": "6.0.0",
        "contentHash": "9+PnzmQFfEFNR9J2aDTfJGGupShHjOuGw4VUv+JB044biSHrnmCIMD+mJHmb2H7YryrfBEXDurxQ47gJZdCKNQ==",
        "dependencies": {
          "System.Runtime.CompilerServices.Unsafe": "6.0.0"
        }
      },
      "Microsoft.Management.Infrastructure": {
        "type": "Transitive",
        "resolved": "3.0.0",
        "contentHash": "cGZi0q5IujCTVYKo9h22Pw+UwfZDV82HXO8HTxMG2HqntPlT3Ls8jY6punLp4YzCypJNpfCAu2kae3TIyuAiJw==",
        "dependencies": {
          "Microsoft.Management.Infrastructure.Runtime.Unix": "3.0.0",
          "Microsoft.Management.Infrastructure.Runtime.Win": "3.0.0"
        }
      },
      "Microsoft.Management.Infrastructure.Runtime.Unix": {
        "type": "Transitive",
        "resolved": "3.0.0",
        "contentHash": "QZE3uEDvZ0m7LabQvcmNOYHp7v1QPBVMpB/ild0WEE8zqUVAP5y9rRI5we37ImI1bQmW5pZ+3HNC70POPm0jBQ=="
      },
      "Microsoft.Management.Infrastructure.Runtime.Win": {
        "type": "Transitive",
        "resolved": "3.0.0",
        "contentHash": "uwMyWN33+iQ8Wm/n1yoPXgFoiYNd0HzJyoqSVhaQZyJfaQrJR3udgcIHjqa1qbc3lS6kvfuUMN4TrF4U4refCQ=="
      },
      "Microsoft.PowerShell.CoreCLR.Eventing": {
        "type": "Transitive",
        "resolved": "7.4.2",
        "contentHash": "6pGLOm90k/M3/SO50eVlnF7zwNOjMxQzWZ37O9dcMvlOLD7XuG8mRq/2EuQ2TaG4/qEsjG8/vv+f1GnyASSL5w==",
        "dependencies": {
          "System.Diagnostics.EventLog": "8.0.0"
        }
      },
      "Microsoft.PowerShell.Native": {
        "type": "Transitive",
        "resolved": "7.4.0",
        "contentHash": "FlaJ3JBWhqFToYT0ycMb/Xxzoof7oTQbNyI4UikgubC7AMWt5ptBNKjIAMPvOcvEHr+ohaO9GvRWp3tiyS3sKw=="
      },
      "Microsoft.Security.Extensions": {
        "type": "Transitive",
        "resolved": "1.2.0",
        "contentHash": "GjHZBE5PHKrxPRyGujWQKwbKNjPQYds6HcAWKeV49X3KPgBfF2B1vV5uJey5UluyGQlvAO/DezL7WzEx9HlPQA=="
      },
      "Microsoft.TestPlatform.ObjectModel": {
        "type": "Transitive",
        "resolved": "17.8.0",
        "contentHash": "AYy6vlpGMfz5kOFq99L93RGbqftW/8eQTqjT9iGXW6s9MRP3UdtY8idJ8rJcjeSja8A18IhIro5YnH3uv1nz4g==",
        "dependencies": {
          "NuGet.Frameworks": "6.5.0",
          "System.Reflection.Metadata": "1.6.0"
        }
      },
      "Microsoft.TestPlatform.TestHost": {
        "type": "Transitive",
        "resolved": "17.8.0",
        "contentHash": "9ivcl/7SGRmOT0YYrHQGohWiT5YCpkmy/UEzldfVisLm6QxbLaK3FAJqZXI34rnRLmqqDCeMQxKINwmKwAPiDw==",
        "dependencies": {
          "Microsoft.TestPlatform.ObjectModel": "17.8.0",
          "Newtonsoft.Json": "13.0.1"
        }
      },
      "Microsoft.Win32.Registry.AccessControl": {
        "type": "Transitive",
        "resolved": "8.0.0",
        "contentHash": "u8PB9/v02C8mBXzl0vJ7bOyC020zOP+T1mRct+KA46DqZkB40XtsNn9pGD0QowTRsT6R4jPCghn+yAODn2UMMw=="
      },
      "Newtonsoft.Json": {
        "type": "Transitive",
        "resolved": "13.0.3",
        "contentHash": "HrC5BXdl00IP9zeV+0Z848QWPAoCr9P3bDEZguI+gkLcBKAOxix/tLEAAHC+UvDNPv4a2d18lOReHMOagPa+zQ=="
      },
      "NLog": {
        "type": "Transitive",
        "resolved": "5.3.2",
        "contentHash": "cQRQZuDMjSyMe9EQBnI9v55YAMMz8GAfFd6fFJ6tc/kXnG7Hze8p1I8MgvWSBG6E36wA8vSxRrlm8uSIG+SENg=="
      },
      "NuGet.Commands": {
        "type": "Transitive",
        "resolved": "6.9.1",
        "contentHash": "pI2X+KRQYsVcmjJUIAXT+8fvUCZgNWBQiSizKCOltRqaMjtUHLetfADfz7jfreOBohsDxNzhBnNqPQ8MU/Gjxw==",
        "dependencies": {
          "Microsoft.Extensions.FileProviders.Abstractions": "6.0.0",
          "Microsoft.Extensions.FileSystemGlobbing": "6.0.0",
          "NuGet.Credentials": "6.9.1",
          "NuGet.ProjectModel": "6.9.1"
        }
      },
      "NuGet.Common": {
        "type": "Transitive",
        "resolved": "6.9.1",
        "contentHash": "FbuWZBjQ1NJXBDqCwSddN2yvw3Plq3sTCIh0nc66Hu8jrNr+BOaxlKZv78jvJ+pSy8BvurYOdF9sl9KoORjrtg==",
        "dependencies": {
          "NuGet.Frameworks": "6.9.1"
        }
      },
      "NuGet.Configuration": {
        "type": "Transitive",
        "resolved": "6.9.1",
        "contentHash": "GM06pcUzWdNsizeGciqCjAhryfI1F/rQPETLDF+8pDRgzVpA+wKAR01/4aFU+IXzugnQ9LqOb5YyCRuR1OVZiQ==",
        "dependencies": {
          "NuGet.Common": "6.9.1",
          "System.Security.Cryptography.ProtectedData": "4.4.0"
        }
      },
      "NuGet.Credentials": {
        "type": "Transitive",
        "resolved": "6.9.1",
        "contentHash": "elTErAznCWoqOLILVDN4FTa3+rpVVdUbHUaOUqJkk9+Z/ZSqyDPbCIhLaqTkPkWqoKa93gqzX9IFwURkMphPnw==",
        "dependencies": {
          "NuGet.Protocol": "6.9.1"
        }
      },
      "NuGet.DependencyResolver.Core": {
        "type": "Transitive",
        "resolved": "6.9.1",
        "contentHash": "gVWIEScv1K40H2Fvs6HGaOzRMpG+r1RUqYpBdh7gqQ18kgsswWUSr90jCNtBb7PUYKkMU1oAhxTslj/gQjO+Vw==",
        "dependencies": {
          "NuGet.Configuration": "6.9.1",
          "NuGet.LibraryModel": "6.9.1",
          "NuGet.Protocol": "6.9.1"
        }
      },
      "NuGet.Frameworks": {
        "type": "Transitive",
        "resolved": "6.9.1",
        "contentHash": "DaKh3lenPUvzGccPkbI97BIvA27z+/UsL3ankfoZlX/4vBVDK5N1sheFTQ+GuJf+IgSzsJz/A21SPUpQLHwUtA=="
      },
      "NuGet.LibraryModel": {
        "type": "Transitive",
        "resolved": "6.9.1",
        "contentHash": "xlOpbZTc4862vKHkZHLJ5VgDteo+78ftVkajB8rKgSpevnBqwPKv2Y5OfUxct9HCqWYw0ikVfNf/qfjqnQCV1Q==",
        "dependencies": {
          "NuGet.Common": "6.9.1",
          "NuGet.Versioning": "6.9.1"
        }
      },
      "NuGet.Packaging": {
        "type": "Transitive",
        "resolved": "6.9.1",
        "contentHash": "6FyasOxKInCELJ+pGy8f17ub9st6ofFeNcBNTo7CRiPJlxyhJfKGKNpfe3HHYwvnZhc3Vdfr0kSR+f1BVGDuTA==",
        "dependencies": {
          "Newtonsoft.Json": "13.0.3",
          "NuGet.Configuration": "6.9.1",
          "NuGet.Versioning": "6.9.1",
          "System.Security.Cryptography.Pkcs": "6.0.4"
        }
      },
      "NuGet.ProjectModel": {
        "type": "Transitive",
        "resolved": "6.9.1",
        "contentHash": "x98QkS3oloaJfdSsDFOGTH5oeoHHTDoyTO7oyg/7g60be14AQowLqgPQV52Kuscl4lknx/3259RTxyDcbkdifQ==",
        "dependencies": {
          "NuGet.DependencyResolver.Core": "6.9.1"
        }
      },
      "NuGet.Protocol": {
        "type": "Transitive",
        "resolved": "6.9.1",
        "contentHash": "h3bdjqUY4jvwM02D/7QM4FR8x/bbf4Pyjrc1Etw7an2OrWKPUSx0vJPdapKzioxIw7GXl/aVUM/DCeIc3S9brA==",
        "dependencies": {
          "NuGet.Packaging": "6.9.1"
        }
      },
      "NuGet.Versioning": {
        "type": "Transitive",
        "resolved": "6.9.1",
        "contentHash": "ypnSvEtpNGo48bAWn95J1oHChycCXcevFSbn53fqzLxlXFSZP7dawu8p/7mHAfGufZQSV2sBpW80XQGIfXO8kQ=="
      },
      "Pastel": {
        "type": "Transitive",
        "resolved": "5.1.0",
        "contentHash": "jQ0fTkHZvgQsmbr5qU0IdCP1PWuUfmEmekIsTwysWK/iIwmT9Mbm0x5GpjYSTEwHTNVEpjYhBhyKVdzESgRCpg=="
      },
      "PowerShellStandard.Library": {
        "type": "Transitive",
        "resolved": "7.0.0-preview.1",
        "contentHash": "vd2iKiQjgB/Lh3270aMgdq/NdVq/qNHsLM8P7k/oD3hALG1UOzePa62TOSK6RlQClfXW1xI9Y1e+haHlUkF3PA=="
      },
      "QuikGraph": {
        "type": "Transitive",
        "resolved": "2.5.0",
        "contentHash": "sG+mrPpXwxlXknRK5VqWUGiOmDACa9X+3ftlkQIMgOZUqxVOQSe0+HIU9PTjwqazy0pqSf8MPDXYFGl0GYWcKw=="
      },
      "QuikGraph.Graphviz": {
        "type": "Transitive",
        "resolved": "2.5.0",
        "contentHash": "pCKpErtHGxUi72OT+2aIg1pdHdUqpqEM5J/i9rmVsEVDE4X0xb1HBPWdxv/FLZmbBjk0ZogZXZttUL3CnAPpNw==",
        "dependencies": {
          "QuikGraph": "2.5.0"
        }
      },
      "System.CodeDom": {
        "type": "Transitive",
        "resolved": "8.0.0",
        "contentHash": "WTlRjL6KWIMr/pAaq3rYqh0TJlzpouaQ/W1eelssHgtlwHAH25jXTkUphTYx9HaIIf7XA6qs/0+YhtLEQRkJ+Q=="
      },
      "System.Configuration.ConfigurationManager": {
        "type": "Transitive",
        "resolved": "8.0.0",
        "contentHash": "JlYi9XVvIREURRUlGMr1F6vOFLk7YSY4p1vHo4kX3tQ0AGrjqlRWHDi66ImHhy6qwXBG3BJ6Y1QlYQ+Qz6Xgww==",
        "dependencies": {
          "System.Diagnostics.EventLog": "8.0.0",
          "System.Security.Cryptography.ProtectedData": "8.0.0"
        }
      },
      "System.Diagnostics.DiagnosticSource": {
        "type": "Transitive",
        "resolved": "8.0.1",
        "contentHash": "vaoWjvkG1aenR2XdjaVivlCV9fADfgyhW5bZtXT23qaEea0lWiUljdQuze4E31vKM7ZWJaSUsbYIKE3rnzfZUg=="
      },
      "System.Diagnostics.EventLog": {
        "type": "Transitive",
        "resolved": "8.0.0",
        "contentHash": "fdYxcRjQqTTacKId/2IECojlDSFvp7LP5N78+0z/xH7v/Tuw5ZAxu23Y6PTCRinqyu2ePx+Gn1098NC6jM6d+A=="
      },
      "System.DirectoryServices": {
        "type": "Transitive",
        "resolved": "8.0.0",
        "contentHash": "7nit//efUTy1OsAKco2f02PMrwsR2S234N0dVVp84udC77YcvpOQDz5znAWMtgMWBzY1aRJvUW61jo/7vQRfXg=="
      },
      "System.Formats.Asn1": {
        "type": "Transitive",
        "resolved": "8.0.0",
        "contentHash": "AJukBuLoe3QeAF+mfaRKQb2dgyrvt340iMBHYv+VdBzCUM06IxGlvl0o/uPOS7lHnXPN6u8fFRHSHudx5aTi8w=="
      },
      "System.Management": {
        "type": "Transitive",
        "resolved": "8.0.0",
        "contentHash": "jrK22i5LRzxZCfGb+tGmke2VH7oE0DvcDlJ1HAKYU8cPmD8XnpUT0bYn2Gy98GEhGjtfbR/sxKTVb+dE770pfA==",
        "dependencies": {
          "System.CodeDom": "8.0.0"
        }
      },
      "System.Management.Automation": {
        "type": "Transitive",
        "resolved": "7.4.2",
        "contentHash": "6GKNDctTjyv6ppVEf1Hw6kc6TTXggL+cEamWK/axOz0ojr10vRFklipP6K2ipClCMfMGaCmxZ+ArkZeit5yXug==",
        "dependencies": {
          "Microsoft.ApplicationInsights": "2.21.0",
          "Microsoft.Management.Infrastructure": "3.0.0",
          "Microsoft.PowerShell.CoreCLR.Eventing": "7.4.2",
          "Microsoft.PowerShell.Native": "7.4.0",
          "Microsoft.Security.Extensions": "1.2.0",
          "Microsoft.Win32.Registry.AccessControl": "8.0.0",
          "Newtonsoft.Json": "13.0.3",
          "System.Configuration.ConfigurationManager": "8.0.0",
          "System.Diagnostics.DiagnosticSource": "8.0.1",
          "System.DirectoryServices": "8.0.0",
          "System.Management": "8.0.0",
          "System.Security.AccessControl": "6.0.1",
          "System.Security.Cryptography.Pkcs": "8.0.0",
          "System.Security.Permissions": "8.0.0",
          "System.Text.Encoding.CodePages": "8.0.0"
        }
      },
      "System.Reflection.Metadata": {
        "type": "Transitive",
        "resolved": "1.6.0",
        "contentHash": "COC1aiAJjCoA5GBF+QKL2uLqEBew4JsCkQmoHKbN3TlOZKa2fKLz5CpiRQKDz0RsAOEGsVKqOD5bomsXq/4STQ=="
      },
      "System.Runtime.CompilerServices.Unsafe": {
        "type": "Transitive",
        "resolved": "6.0.0",
        "contentHash": "/iUeP3tq1S0XdNNoMz5C9twLSrM/TH+qElHkXWaPvuNOt+99G75NrV0OS2EqHx5wMN7popYjpc8oTjC1y16DLg=="
      },
      "System.Security.AccessControl": {
        "type": "Transitive",
        "resolved": "6.0.1",
        "contentHash": "IQ4NXP/B3Ayzvw0rDQzVTYsCKyy0Jp9KI6aYcK7UnGVlR9+Awz++TIPCQtPYfLJfOpm8ajowMR09V7quD3sEHw=="
      },
      "System.Security.Cryptography.Pkcs": {
        "type": "Transitive",
        "resolved": "8.0.0",
        "contentHash": "ULmp3xoOwNYjOYp4JZ2NK/6NdTgiN1GQXzVVN1njQ7LOZ0d0B9vyMnhyqbIi9Qw4JXj1JgCsitkTShboHRx7Eg==",
        "dependencies": {
          "System.Formats.Asn1": "8.0.0"
        }
      },
      "System.Security.Cryptography.ProtectedData": {
        "type": "Transitive",
        "resolved": "8.0.0",
        "contentHash": "+TUFINV2q2ifyXauQXRwy4CiBhqvDEDZeVJU7qfxya4aRYOKzVBpN+4acx25VcPB9ywUN6C0n8drWl110PhZEg=="
      },
      "System.Security.Permissions": {
        "type": "Transitive",
        "resolved": "8.0.0",
        "contentHash": "v/BBylw7XevuAsHXoX9dDUUfmBIcUf7Lkz8K3ZXIKz3YRKpw8YftpSir4n4e/jDTKFoaK37AsC3xnk+GNFI1Ow==",
        "dependencies": {
          "System.Windows.Extensions": "8.0.0"
        }
      },
      "System.Text.Encoding.CodePages": {
        "type": "Transitive",
        "resolved": "8.0.0",
        "contentHash": "OZIsVplFGaVY90G2SbpgU7EnCoOO5pw1t4ic21dBF3/1omrJFpAGoNAVpPyMVOC90/hvgkGG3VFqR13YgZMQfg=="
      },
      "System.Windows.Extensions": {
        "type": "Transitive",
        "resolved": "8.0.0",
        "contentHash": "Obg3a90MkOw9mYKxrardLpY2u0axDMrSmy4JCdq2cYbelM2cUwmUir5Bomvd1yxmPL9h5LVHU1tuKBZpUjfASg=="
      },
      "System.Windows.Forms": {
        "type": "Transitive",
        "resolved": "4.0.0",
        "contentHash": "WL3QPG1q88aIWO0JPOlkCeyNE+FK4ufSKY5j6J6qAFQyfCFiiOYxi8RAhev9H0CS/wmKbIK8qr8xZBod85oWKw=="
      },
      "compiler": {
        "type": "Project",
        "dependencies": {
          "CommandLineParser": "[2.9.1, )",
          "LanguageExt.Core": "[5.0.0-beta-07, )",
          "NLog": "[5.3.2, )",
          "NuGet.Commands": "[6.9.1, )",
          "NuGet.Common": "[6.9.1, )",
          "Pastel": "[5.1.0, )",
          "PowerShellStandard.Library": "[7.0.0-preview.1, )",
          "QuikGraph": "[2.5.0, )",
          "QuikGraph.Graphviz": "[2.5.0, )",
          "System.Management.Automation": "[7.4.2, )",
          "System.Windows.Forms": "[4.0.0, )"
        }
      }
    },
    "net8.0/linux-x64": {
      "Microsoft.Management.Infrastructure.Runtime.Unix": {
        "type": "Transitive",
        "resolved": "3.0.0",
        "contentHash": "QZE3uEDvZ0m7LabQvcmNOYHp7v1QPBVMpB/ild0WEE8zqUVAP5y9rRI5we37ImI1bQmW5pZ+3HNC70POPm0jBQ=="
      },
      "Microsoft.Management.Infrastructure.Runtime.Win": {
        "type": "Transitive",
        "resolved": "3.0.0",
        "contentHash": "uwMyWN33+iQ8Wm/n1yoPXgFoiYNd0HzJyoqSVhaQZyJfaQrJR3udgcIHjqa1qbc3lS6kvfuUMN4TrF4U4refCQ=="
      },
      "Microsoft.PowerShell.CoreCLR.Eventing": {
        "type": "Transitive",
        "resolved": "7.4.2",
        "contentHash": "6pGLOm90k/M3/SO50eVlnF7zwNOjMxQzWZ37O9dcMvlOLD7XuG8mRq/2EuQ2TaG4/qEsjG8/vv+f1GnyASSL5w==",
        "dependencies": {
          "System.Diagnostics.EventLog": "8.0.0"
        }
      },
      "Microsoft.PowerShell.Native": {
        "type": "Transitive",
        "resolved": "7.4.0",
        "contentHash": "FlaJ3JBWhqFToYT0ycMb/Xxzoof7oTQbNyI4UikgubC7AMWt5ptBNKjIAMPvOcvEHr+ohaO9GvRWp3tiyS3sKw=="
      },
      "Microsoft.Security.Extensions": {
        "type": "Transitive",
        "resolved": "1.2.0",
        "contentHash": "GjHZBE5PHKrxPRyGujWQKwbKNjPQYds6HcAWKeV49X3KPgBfF2B1vV5uJey5UluyGQlvAO/DezL7WzEx9HlPQA=="
      },
      "Microsoft.Win32.Registry.AccessControl": {
        "type": "Transitive",
        "resolved": "8.0.0",
        "contentHash": "u8PB9/v02C8mBXzl0vJ7bOyC020zOP+T1mRct+KA46DqZkB40XtsNn9pGD0QowTRsT6R4jPCghn+yAODn2UMMw=="
      },
      "System.Diagnostics.EventLog": {
        "type": "Transitive",
        "resolved": "8.0.0",
        "contentHash": "fdYxcRjQqTTacKId/2IECojlDSFvp7LP5N78+0z/xH7v/Tuw5ZAxu23Y6PTCRinqyu2ePx+Gn1098NC6jM6d+A=="
      },
      "System.DirectoryServices": {
        "type": "Transitive",
        "resolved": "8.0.0",
        "contentHash": "7nit//efUTy1OsAKco2f02PMrwsR2S234N0dVVp84udC77YcvpOQDz5znAWMtgMWBzY1aRJvUW61jo/7vQRfXg=="
      },
      "System.Management": {
        "type": "Transitive",
        "resolved": "8.0.0",
        "contentHash": "jrK22i5LRzxZCfGb+tGmke2VH7oE0DvcDlJ1HAKYU8cPmD8XnpUT0bYn2Gy98GEhGjtfbR/sxKTVb+dE770pfA==",
        "dependencies": {
          "System.CodeDom": "8.0.0"
        }
      },
      "System.Management.Automation": {
        "type": "Transitive",
        "resolved": "7.4.2",
        "contentHash": "6GKNDctTjyv6ppVEf1Hw6kc6TTXggL+cEamWK/axOz0ojr10vRFklipP6K2ipClCMfMGaCmxZ+ArkZeit5yXug==",
        "dependencies": {
          "Microsoft.ApplicationInsights": "2.21.0",
          "Microsoft.Management.Infrastructure": "3.0.0",
          "Microsoft.PowerShell.CoreCLR.Eventing": "7.4.2",
          "Microsoft.PowerShell.Native": "7.4.0",
          "Microsoft.Security.Extensions": "1.2.0",
          "Microsoft.Win32.Registry.AccessControl": "8.0.0",
          "Newtonsoft.Json": "13.0.3",
          "System.Configuration.ConfigurationManager": "8.0.0",
          "System.Diagnostics.DiagnosticSource": "8.0.1",
          "System.DirectoryServices": "8.0.0",
          "System.Management": "8.0.0",
          "System.Security.AccessControl": "6.0.1",
          "System.Security.Cryptography.Pkcs": "8.0.0",
          "System.Security.Permissions": "8.0.0",
          "System.Text.Encoding.CodePages": "8.0.0"
        }
      },
      "System.Security.AccessControl": {
        "type": "Transitive",
        "resolved": "6.0.1",
        "contentHash": "IQ4NXP/B3Ayzvw0rDQzVTYsCKyy0Jp9KI6aYcK7UnGVlR9+Awz++TIPCQtPYfLJfOpm8ajowMR09V7quD3sEHw=="
      },
      "System.Security.Cryptography.Pkcs": {
        "type": "Transitive",
        "resolved": "8.0.0",
        "contentHash": "ULmp3xoOwNYjOYp4JZ2NK/6NdTgiN1GQXzVVN1njQ7LOZ0d0B9vyMnhyqbIi9Qw4JXj1JgCsitkTShboHRx7Eg==",
        "dependencies": {
          "System.Formats.Asn1": "8.0.0"
        }
      },
      "System.Text.Encoding.CodePages": {
        "type": "Transitive",
        "resolved": "8.0.0",
        "contentHash": "OZIsVplFGaVY90G2SbpgU7EnCoOO5pw1t4ic21dBF3/1omrJFpAGoNAVpPyMVOC90/hvgkGG3VFqR13YgZMQfg=="
      },
      "System.Windows.Extensions": {
        "type": "Transitive",
        "resolved": "8.0.0",
        "contentHash": "Obg3a90MkOw9mYKxrardLpY2u0axDMrSmy4JCdq2cYbelM2cUwmUir5Bomvd1yxmPL9h5LVHU1tuKBZpUjfASg=="
      }
    },
    "net8.0/win-x64": {
      "Microsoft.Management.Infrastructure.Runtime.Unix": {
        "type": "Transitive",
        "resolved": "3.0.0",
        "contentHash": "QZE3uEDvZ0m7LabQvcmNOYHp7v1QPBVMpB/ild0WEE8zqUVAP5y9rRI5we37ImI1bQmW5pZ+3HNC70POPm0jBQ=="
      },
      "Microsoft.Management.Infrastructure.Runtime.Win": {
        "type": "Transitive",
        "resolved": "3.0.0",
        "contentHash": "uwMyWN33+iQ8Wm/n1yoPXgFoiYNd0HzJyoqSVhaQZyJfaQrJR3udgcIHjqa1qbc3lS6kvfuUMN4TrF4U4refCQ=="
      },
      "Microsoft.PowerShell.CoreCLR.Eventing": {
        "type": "Transitive",
        "resolved": "7.4.2",
        "contentHash": "6pGLOm90k/M3/SO50eVlnF7zwNOjMxQzWZ37O9dcMvlOLD7XuG8mRq/2EuQ2TaG4/qEsjG8/vv+f1GnyASSL5w==",
        "dependencies": {
          "System.Diagnostics.EventLog": "8.0.0"
        }
      },
      "Microsoft.PowerShell.Native": {
        "type": "Transitive",
        "resolved": "7.4.0",
        "contentHash": "FlaJ3JBWhqFToYT0ycMb/Xxzoof7oTQbNyI4UikgubC7AMWt5ptBNKjIAMPvOcvEHr+ohaO9GvRWp3tiyS3sKw=="
      },
      "Microsoft.Security.Extensions": {
        "type": "Transitive",
        "resolved": "1.2.0",
        "contentHash": "GjHZBE5PHKrxPRyGujWQKwbKNjPQYds6HcAWKeV49X3KPgBfF2B1vV5uJey5UluyGQlvAO/DezL7WzEx9HlPQA=="
      },
      "Microsoft.Win32.Registry.AccessControl": {
        "type": "Transitive",
        "resolved": "8.0.0",
        "contentHash": "u8PB9/v02C8mBXzl0vJ7bOyC020zOP+T1mRct+KA46DqZkB40XtsNn9pGD0QowTRsT6R4jPCghn+yAODn2UMMw=="
      },
      "System.Diagnostics.EventLog": {
        "type": "Transitive",
        "resolved": "8.0.0",
        "contentHash": "fdYxcRjQqTTacKId/2IECojlDSFvp7LP5N78+0z/xH7v/Tuw5ZAxu23Y6PTCRinqyu2ePx+Gn1098NC6jM6d+A=="
      },
      "System.DirectoryServices": {
        "type": "Transitive",
        "resolved": "8.0.0",
        "contentHash": "7nit//efUTy1OsAKco2f02PMrwsR2S234N0dVVp84udC77YcvpOQDz5znAWMtgMWBzY1aRJvUW61jo/7vQRfXg=="
      },
      "System.Management": {
        "type": "Transitive",
        "resolved": "8.0.0",
        "contentHash": "jrK22i5LRzxZCfGb+tGmke2VH7oE0DvcDlJ1HAKYU8cPmD8XnpUT0bYn2Gy98GEhGjtfbR/sxKTVb+dE770pfA==",
        "dependencies": {
          "System.CodeDom": "8.0.0"
        }
      },
      "System.Management.Automation": {
        "type": "Transitive",
        "resolved": "7.4.2",
        "contentHash": "6GKNDctTjyv6ppVEf1Hw6kc6TTXggL+cEamWK/axOz0ojr10vRFklipP6K2ipClCMfMGaCmxZ+ArkZeit5yXug==",
        "dependencies": {
          "Microsoft.ApplicationInsights": "2.21.0",
          "Microsoft.Management.Infrastructure": "3.0.0",
          "Microsoft.PowerShell.CoreCLR.Eventing": "7.4.2",
          "Microsoft.PowerShell.Native": "7.4.0",
          "Microsoft.Security.Extensions": "1.2.0",
          "Microsoft.Win32.Registry.AccessControl": "8.0.0",
          "Newtonsoft.Json": "13.0.3",
          "System.Configuration.ConfigurationManager": "8.0.0",
          "System.Diagnostics.DiagnosticSource": "8.0.1",
          "System.DirectoryServices": "8.0.0",
          "System.Management": "8.0.0",
          "System.Security.AccessControl": "6.0.1",
          "System.Security.Cryptography.Pkcs": "8.0.0",
          "System.Security.Permissions": "8.0.0",
          "System.Text.Encoding.CodePages": "8.0.0"
        }
      },
      "System.Security.AccessControl": {
        "type": "Transitive",
        "resolved": "6.0.1",
        "contentHash": "IQ4NXP/B3Ayzvw0rDQzVTYsCKyy0Jp9KI6aYcK7UnGVlR9+Awz++TIPCQtPYfLJfOpm8ajowMR09V7quD3sEHw=="
      },
      "System.Security.Cryptography.Pkcs": {
        "type": "Transitive",
        "resolved": "8.0.0",
        "contentHash": "ULmp3xoOwNYjOYp4JZ2NK/6NdTgiN1GQXzVVN1njQ7LOZ0d0B9vyMnhyqbIi9Qw4JXj1JgCsitkTShboHRx7Eg==",
        "dependencies": {
          "System.Formats.Asn1": "8.0.0"
        }
      },
      "System.Text.Encoding.CodePages": {
        "type": "Transitive",
        "resolved": "8.0.0",
        "contentHash": "OZIsVplFGaVY90G2SbpgU7EnCoOO5pw1t4ic21dBF3/1omrJFpAGoNAVpPyMVOC90/hvgkGG3VFqR13YgZMQfg=="
      },
      "System.Windows.Extensions": {
        "type": "Transitive",
        "resolved": "8.0.0",
        "contentHash": "Obg3a90MkOw9mYKxrardLpY2u0axDMrSmy4JCdq2cYbelM2cUwmUir5Bomvd1yxmPL9h5LVHU1tuKBZpUjfASg=="
      }
    }
  }
}